
Microsoft Visual Studio Solution File, Format Version 12.00
# Visual Studio Version 16
VisualStudioVersion = 16.0.31005.135
MinimumVisualStudioVersion = 10.0.40219.1
Project("{FAE04EC0-301F-11D3-BF4B-00C04F79EFBC}") = "ContosoUniversity", "ContosoUniversity\ContosoUniversity.csproj", "{5CDADF1E-194B-4E21-882D-F921D582EECA}"
EndProject
Global
	GlobalSection(SolutionConfigurationPlatforms) = preSolution
		Debug|Any CPU = Debug|Any CPU
		Release|Any CPU = Release|Any CPU
	EndGlobalSection
	GlobalSection(ProjectConfigurationPlatforms) = postSolution
		{5CDADF1E-194B-4E21-882D-F921D582EECA}.Debug|Any CPU.ActiveCfg = Debug|Any CPU
		{5CDADF1E-194B-4E21-882D-F921D582EECA}.Debug|Any CPU.Build.0 = Debug|Any CPU
		{5CDADF1E-194B-4E21-882D-F921D582EECA}.Release|Any CPU.ActiveCfg = Release|Any CPU
		{5CDADF1E-194B-4E21-882D-F921D582EECA}.Release|Any CPU.Build.0 = Release|Any CPU
	EndGlobalSection
	GlobalSection(SolutionProperties) = preSolution
		HideSolutionNode = FALSE
	EndGlobalSection
	GlobalSection(ExtensibilityGlobals) = postSolution
		SolutionGuid = {5C1CC27D-2972-4807-A5B2-A6A6FFC8308B}
	EndGlobalSection
EndGlobal
